
Microsoft Visual Studio Solution File, Format Version 12.00
# Visual Studio Version 17
VisualStudioVersion = 17.3.32811.315
MinimumVisualStudioVersion = 10.0.40219.1
Project("{FAE04EC0-301F-11D3-BF4B-00C04F79EFBC}") = "SuperHero-API", "SuperHero-API\SuperHero-API.csproj", "{75CF2C57-5AC6-4E4A-BEA6-9FE22EC25DDC}"
EndProject
Global
	GlobalSection(SolutionConfigurationPlatforms) = preSolution
		Debug|Any CPU = Debug|Any CPU
		Release|Any CPU = Release|Any CPU
	EndGlobalSection
	GlobalSection(ProjectConfigurationPlatforms) = postSolution
		{75CF2C57-5AC6-4E4A-BEA6-9FE22EC25DDC}.Debug|Any CPU.ActiveCfg = Debug|Any CPU
		{75CF2C57-5AC6-4E4A-BEA6-9FE22EC25DDC}.Debug|Any CPU.Build.0 = Debug|Any CPU
		{75CF2C57-5AC6-4E4A-BEA6-9FE22EC25DDC}.Release|Any CPU.ActiveCfg = Release|Any CPU
		{75CF2C57-5AC6-4E4A-BEA6-9FE22EC25DDC}.Release|Any CPU.Build.0 = Release|Any CPU
	EndGlobalSection
	GlobalSection(SolutionProperties) = preSolution
		HideSolutionNode = FALSE
	EndGlobalSection
	GlobalSection(ExtensibilityGlobals) = postSolution
		SolutionGuid = {C697C65E-CCEE-4D30-B11D-15C19A9A5F15}
	EndGlobalSection
EndGlobal
